
Microsoft Visual Studio Solution File, Format Version 12.00
# Visual Studio Version 17
VisualStudioVersion = 17.1.32228.430
MinimumVisualStudioVersion = 10.0.40219.1
Project("{FAE04EC0-301F-11D3-BF4B-00C04F79EFBC}") = "ListApp.Android", "ListApp\ListApp.Android\ListApp.Android.csproj", "{E535D5A5-E307-4E7D-817B-72F999859A75}"
EndProject
Project("{FAE04EC0-301F-11D3-BF4B-00C04F79EFBC}") = "ListApp.iOS", "ListApp\ListApp.iOS\ListApp.iOS.csproj", "{3D88D431-8DCF-4043-9134-B2691A978FD3}"
EndProject
Project("{9A19103F-16F7-4668-BE54-9A1E7A4F7556}") = "ListApp", "ListApp\ListApp\ListApp.csproj", "{92A1A416-2F45-40FF-8663-44AD091BDD1E}"
EndProject
Project("{2150E333-8FDC-42A3-9474-1A3956D46DE8}") = "src", "src", "{991B345F-871C-409A-B595-5BA8A497E979}"
EndProject
Project("{2150E333-8FDC-42A3-9474-1A3956D46DE8}") = "Other", "Other", "{9B043DB7-2D9A-46D6-B37C-CE4B40F5CC27}"
EndProject
Project("{2150E333-8FDC-42A3-9474-1A3956D46DE8}") = "Backend", "Backend", "{42ADA215-EE0E-4D50-8006-AE7EF4C90138}"
EndProject
Project("{9A19103F-16F7-4668-BE54-9A1E7A4F7556}") = "ListApp.AuthServer", "ListApp.AuthServer\ListApp.AuthServer.csproj", "{DFE42BAF-FF9F-4779-8808-6A22696478BE}"
EndProject
Project("{9A19103F-16F7-4668-BE54-9A1E7A4F7556}") = "ListApp.Api", "ListApp.Api\ListApp.Api.csproj", "{76611DFC-67E5-4F4A-979D-B782A8C3249D}"
EndProject
Project("{2150E333-8FDC-42A3-9474-1A3956D46DE8}") = "Core", "Core", "{FC3B33B9-74C9-4A0F-807C-346C4E4118DA}"
EndProject
Project("{9A19103F-16F7-4668-BE54-9A1E7A4F7556}") = "ListApp.Api.Database", "ListApp.Api.Database\ListApp.Api.Database.csproj", "{05986EE5-4C20-44B4-95BA-AD2FE4C13849}"
EndProject
Project("{9A19103F-16F7-4668-BE54-9A1E7A4F7556}") = "ListApp.Api.Models", "ListApp.Api.Models\ListApp.Api.Models.csproj", "{6666FA87-BEBF-4765-B999-A24A2F7FCC17}"
EndProject
Project("{9A19103F-16F7-4668-BE54-9A1E7A4F7556}") = "ListApp.Console.Dummy.EntityFramework", "ListApp.Console.Dummy.EntityFramework\ListApp.Console.Dummy.EntityFramework.csproj", "{9045C3EF-22A6-45FD-9946-1EB229C8A12C}"
EndProject
Project("{2150E333-8FDC-42A3-9474-1A3956D46DE8}") = "Tests", "Tests", "{EC690784-E583-4806-AD2A-F883524E6232}"
EndProject
Project("{9A19103F-16F7-4668-BE54-9A1E7A4F7556}") = "ListApp.UnitTests", "ListApp.UnitTests\ListApp.UnitTests.csproj", "{050F2545-6EE7-4DCF-8DC4-1AEB54B00048}"
EndProject
Project("{FAE04EC0-301F-11D3-BF4B-00C04F79EFBC}") = "ListApp.UITests", "ListApp.UITests\ListApp.UITests.csproj", "{19156506-AA3A-47F9-8355-08F5B9A5771F}"
EndProject
Global
	GlobalSection(SolutionConfigurationPlatforms) = preSolution
		Debug|Any CPU = Debug|Any CPU
		Debug|iPhone = Debug|iPhone
		Debug|iPhoneSimulator = Debug|iPhoneSimulator
		Release|Any CPU = Release|Any CPU
		Release|iPhone = Release|iPhone
		Release|iPhoneSimulator = Release|iPhoneSimulator
	EndGlobalSection
	GlobalSection(ProjectConfigurationPlatforms) = postSolution
		{E535D5A5-E307-4E7D-817B-72F999859A75}.Debug|Any CPU.ActiveCfg = Debug|Any CPU
		{E535D5A5-E307-4E7D-817B-72F999859A75}.Debug|Any CPU.Build.0 = Debug|Any CPU
		{E535D5A5-E307-4E7D-817B-72F999859A75}.Debug|Any CPU.Deploy.0 = Debug|Any CPU
		{E535D5A5-E307-4E7D-817B-72F999859A75}.Debug|iPhone.ActiveCfg = Debug|Any CPU
		{E535D5A5-E307-4E7D-817B-72F999859A75}.Debug|iPhone.Build.0 = Debug|Any CPU
		{E535D5A5-E307-4E7D-817B-72F999859A75}.Debug|iPhone.Deploy.0 = Debug|Any CPU
		{E535D5A5-E307-4E7D-817B-72F999859A75}.Debug|iPhoneSimulator.ActiveCfg = Debug|Any CPU
		{E535D5A5-E307-4E7D-817B-72F999859A75}.Debug|iPhoneSimulator.Build.0 = Debug|Any CPU
		{E535D5A5-E307-4E7D-817B-72F999859A75}.Debug|iPhoneSimulator.Deploy.0 = Debug|Any CPU
		{E535D5A5-E307-4E7D-817B-72F999859A75}.Release|Any CPU.ActiveCfg = Release|Any CPU
		{E535D5A5-E307-4E7D-817B-72F999859A75}.Release|Any CPU.Build.0 = Release|Any CPU
		{E535D5A5-E307-4E7D-817B-72F999859A75}.Release|Any CPU.Deploy.0 = Release|Any CPU
		{E535D5A5-E307-4E7D-817B-72F999859A75}.Release|iPhone.ActiveCfg = Release|Any CPU
		{E535D5A5-E307-4E7D-817B-72F999859A75}.Release|iPhone.Build.0 = Release|Any CPU
		{E535D5A5-E307-4E7D-817B-72F999859A75}.Release|iPhone.Deploy.0 = Release|Any CPU
		{E535D5A5-E307-4E7D-817B-72F999859A75}.Release|iPhoneSimulator.ActiveCfg = Release|Any CPU
		{E535D5A5-E307-4E7D-817B-72F999859A75}.Release|iPhoneSimulator.Build.0 = Release|Any CPU
		{E535D5A5-E307-4E7D-817B-72F999859A75}.Release|iPhoneSimulator.Deploy.0 = Release|Any CPU
		{3D88D431-8DCF-4043-9134-B2691A978FD3}.Debug|Any CPU.ActiveCfg = Debug|iPhone
		{3D88D431-8DCF-4043-9134-B2691A978FD3}.Debug|Any CPU.Build.0 = Debug|iPhone
		{3D88D431-8DCF-4043-9134-B2691A978FD3}.Debug|Any CPU.Deploy.0 = Debug|iPhone
		{3D88D431-8DCF-4043-9134-B2691A978FD3}.Debug|iPhone.ActiveCfg = Debug|iPhone
		{3D88D431-8DCF-4043-9134-B2691A978FD3}.Debug|iPhone.Build.0 = Debug|iPhone
		{3D88D431-8DCF-4043-9134-B2691A978FD3}.Debug|iPhone.Deploy.0 = Debug|iPhone
		{3D88D431-8DCF-4043-9134-B2691A978FD3}.Debug|iPhoneSimulator.ActiveCfg = Debug|iPhoneSimulator
		{3D88D431-8DCF-4043-9134-B2691A978FD3}.Debug|iPhoneSimulator.Build.0 = Debug|iPhoneSimulator
		{3D88D431-8DCF-4043-9134-B2691A978FD3}.Debug|iPhoneSimulator.Deploy.0 = Debug|iPhoneSimulator
		{3D88D431-8DCF-4043-9134-B2691A978FD3}.Release|Any CPU.ActiveCfg = Release|iPhoneSimulator
		{3D88D431-8DCF-4043-9134-B2691A978FD3}.Release|Any CPU.Deploy.0 = Release|iPhoneSimulator
		{3D88D431-8DCF-4043-9134-B2691A978FD3}.Release|iPhone.ActiveCfg = Release|iPhone
		{3D88D431-8DCF-4043-9134-B2691A978FD3}.Release|iPhone.Build.0 = Release|iPhone
		{3D88D431-8DCF-4043-9134-B2691A978FD3}.Release|iPhone.Deploy.0 = Release|iPhone
		{3D88D431-8DCF-4043-9134-B2691A978FD3}.Release|iPhoneSimulator.ActiveCfg = Release|iPhoneSimulator
		{3D88D431-8DCF-4043-9134-B2691A978FD3}.Release|iPhoneSimulator.Build.0 = Release|iPhoneSimulator
		{3D88D431-8DCF-4043-9134-B2691A978FD3}.Release|iPhoneSimulator.Deploy.0 = Release|iPhoneSimulator
		{92A1A416-2F45-40FF-8663-44AD091BDD1E}.Debug|Any CPU.ActiveCfg = Debug|Any CPU
		{92A1A416-2F45-40FF-8663-44AD091BDD1E}.Debug|Any CPU.Build.0 = Debug|Any CPU
		{92A1A416-2F45-40FF-8663-44AD091BDD1E}.Debug|Any CPU.Deploy.0 = Debug|Any CPU
		{92A1A416-2F45-40FF-8663-44AD091BDD1E}.Debug|iPhone.ActiveCfg = Debug|Any CPU
		{92A1A416-2F45-40FF-8663-44AD091BDD1E}.Debug|iPhone.Build.0 = Debug|Any CPU
		{92A1A416-2F45-40FF-8663-44AD091BDD1E}.Debug|iPhone.Deploy.0 = Debug|Any CPU
		{92A1A416-2F45-40FF-8663-44AD091BDD1E}.Debug|iPhoneSimulator.ActiveCfg = Debug|Any CPU
		{92A1A416-2F45-40FF-8663-44AD091BDD1E}.Debug|iPhoneSimulator.Build.0 = Debug|Any CPU
		{92A1A416-2F45-40FF-8663-44AD091BDD1E}.Debug|iPhoneSimulator.Deploy.0 = Debug|Any CPU
		{92A1A416-2F45-40FF-8663-44AD091BDD1E}.Release|Any CPU.ActiveCfg = Release|Any CPU
		{92A1A416-2F45-40FF-8663-44AD091BDD1E}.Release|Any CPU.Build.0 = Release|Any CPU
		{92A1A416-2F45-40FF-8663-44AD091BDD1E}.Release|Any CPU.Deploy.0 = Release|Any CPU
		{92A1A416-2F45-40FF-8663-44AD091BDD1E}.Release|iPhone.ActiveCfg = Release|Any CPU
		{92A1A416-2F45-40FF-8663-44AD091BDD1E}.Release|iPhone.Build.0 = Release|Any CPU
		{92A1A416-2F45-40FF-8663-44AD091BDD1E}.Release|iPhone.Deploy.0 = Release|Any CPU
		{92A1A416-2F45-40FF-8663-44AD091BDD1E}.Release|iPhoneSimulator.ActiveCfg = Release|Any CPU
		{92A1A416-2F45-40FF-8663-44AD091BDD1E}.Release|iPhoneSimulator.Build.0 = Release|Any CPU
		{92A1A416-2F45-40FF-8663-44AD091BDD1E}.Release|iPhoneSimulator.Deploy.0 = Release|Any CPU
		{DFE42BAF-FF9F-4779-8808-6A22696478BE}.Debug|Any CPU.ActiveCfg = Debug|Any CPU
		{DFE42BAF-FF9F-4779-8808-6A22696478BE}.Debug|Any CPU.Build.0 = Debug|Any CPU
		{DFE42BAF-FF9F-4779-8808-6A22696478BE}.Debug|iPhone.ActiveCfg = Debug|Any CPU
		{DFE42BAF-FF9F-4779-8808-6A22696478BE}.Debug|iPhone.Build.0 = Debug|Any CPU
		{DFE42BAF-FF9F-4779-8808-6A22696478BE}.Debug|iPhoneSimulator.ActiveCfg = Debug|Any CPU
		{DFE42BAF-FF9F-4779-8808-6A22696478BE}.Debug|iPhoneSimulator.Build.0 = Debug|Any CPU
		{DFE42BAF-FF9F-4779-8808-6A22696478BE}.Release|Any CPU.ActiveCfg = Release|Any CPU
		{DFE42BAF-FF9F-4779-8808-6A22696478BE}.Release|iPhone.ActiveCfg = Release|Any CPU
		{DFE42BAF-FF9F-4779-8808-6A22696478BE}.Release|iPhone.Build.0 = Release|Any CPU
		{DFE42BAF-FF9F-4779-8808-6A22696478BE}.Release|iPhoneSimulator.ActiveCfg = Release|Any CPU
		{DFE42BAF-FF9F-4779-8808-6A22696478BE}.Release|iPhoneSimulator.Build.0 = Release|Any CPU
		{76611DFC-67E5-4F4A-979D-B782A8C3249D}.Debug|Any CPU.ActiveCfg = Debug|Any CPU
		{76611DFC-67E5-4F4A-979D-B782A8C3249D}.Debug|Any CPU.Build.0 = Debug|Any CPU
		{76611DFC-67E5-4F4A-979D-B782A8C3249D}.Debug|iPhone.ActiveCfg = Debug|Any CPU
		{76611DFC-67E5-4F4A-979D-B782A8C3249D}.Debug|iPhone.Build.0 = Debug|Any CPU
		{76611DFC-67E5-4F4A-979D-B782A8C3249D}.Debug|iPhoneSimulator.ActiveCfg = Debug|Any CPU
		{76611DFC-67E5-4F4A-979D-B782A8C3249D}.Debug|iPhoneSimulator.Build.0 = Debug|Any CPU
		{76611DFC-67E5-4F4A-979D-B782A8C3249D}.Release|Any CPU.ActiveCfg = Release|Any CPU
		{76611DFC-67E5-4F4A-979D-B782A8C3249D}.Release|iPhone.ActiveCfg = Release|Any CPU
		{76611DFC-67E5-4F4A-979D-B782A8C3249D}.Release|iPhone.Build.0 = Release|Any CPU
		{76611DFC-67E5-4F4A-979D-B782A8C3249D}.Release|iPhoneSimulator.ActiveCfg = Release|Any CPU
		{76611DFC-67E5-4F4A-979D-B782A8C3249D}.Release|iPhoneSimulator.Build.0 = Release|Any CPU
		{05986EE5-4C20-44B4-95BA-AD2FE4C13849}.Debug|Any CPU.ActiveCfg = Debug|Any CPU
		{05986EE5-4C20-44B4-95BA-AD2FE4C13849}.Debug|Any CPU.Build.0 = Debug|Any CPU
		{05986EE5-4C20-44B4-95BA-AD2FE4C13849}.Debug|iPhone.ActiveCfg = Debug|Any CPU
		{05986EE5-4C20-44B4-95BA-AD2FE4C13849}.Debug|iPhone.Build.0 = Debug|Any CPU
		{05986EE5-4C20-44B4-95BA-AD2FE4C13849}.Debug|iPhoneSimulator.ActiveCfg = Debug|Any CPU
		{05986EE5-4C20-44B4-95BA-AD2FE4C13849}.Debug|iPhoneSimulator.Build.0 = Debug|Any CPU
		{05986EE5-4C20-44B4-95BA-AD2FE4C13849}.Release|Any CPU.ActiveCfg = Release|Any CPU
		{05986EE5-4C20-44B4-95BA-AD2FE4C13849}.Release|iPhone.ActiveCfg = Release|Any CPU
		{05986EE5-4C20-44B4-95BA-AD2FE4C13849}.Release|iPhone.Build.0 = Release|Any CPU
		{05986EE5-4C20-44B4-95BA-AD2FE4C13849}.Release|iPhoneSimulator.ActiveCfg = Release|Any CPU
		{05986EE5-4C20-44B4-95BA-AD2FE4C13849}.Release|iPhoneSimulator.Build.0 = Release|Any CPU
		{6666FA87-BEBF-4765-B999-A24A2F7FCC17}.Debug|Any CPU.ActiveCfg = Debug|Any CPU
		{6666FA87-BEBF-4765-B999-A24A2F7FCC17}.Debug|Any CPU.Build.0 = Debug|Any CPU
		{6666FA87-BEBF-4765-B999-A24A2F7FCC17}.Debug|iPhone.ActiveCfg = Debug|Any CPU
		{6666FA87-BEBF-4765-B999-A24A2F7FCC17}.Debug|iPhone.Build.0 = Debug|Any CPU
		{6666FA87-BEBF-4765-B999-A24A2F7FCC17}.Debug|iPhoneSimulator.ActiveCfg = Debug|Any CPU
		{6666FA87-BEBF-4765-B999-A24A2F7FCC17}.Debug|iPhoneSimulator.Build.0 = Debug|Any CPU
		{6666FA87-BEBF-4765-B999-A24A2F7FCC17}.Release|Any CPU.ActiveCfg = Release|Any CPU
		{6666FA87-BEBF-4765-B999-A24A2F7FCC17}.Release|Any CPU.Build.0 = Release|Any CPU
		{6666FA87-BEBF-4765-B999-A24A2F7FCC17}.Release|iPhone.ActiveCfg = Release|Any CPU
		{6666FA87-BEBF-4765-B999-A24A2F7FCC17}.Release|iPhone.Build.0 = Release|Any CPU
		{6666FA87-BEBF-4765-B999-A24A2F7FCC17}.Release|iPhoneSimulator.ActiveCfg = Release|Any CPU
		{6666FA87-BEBF-4765-B999-A24A2F7FCC17}.Release|iPhoneSimulator.Build.0 = Release|Any CPU
		{9045C3EF-22A6-45FD-9946-1EB229C8A12C}.Debug|Any CPU.ActiveCfg = Debug|Any CPU
		{9045C3EF-22A6-45FD-9946-1EB229C8A12C}.Debug|Any CPU.Build.0 = Debug|Any CPU
		{9045C3EF-22A6-45FD-9946-1EB229C8A12C}.Debug|iPhone.ActiveCfg = Debug|Any CPU
		{9045C3EF-22A6-45FD-9946-1EB229C8A12C}.Debug|iPhone.Build.0 = Debug|Any CPU
		{9045C3EF-22A6-45FD-9946-1EB229C8A12C}.Debug|iPhoneSimulator.ActiveCfg = Debug|Any CPU
		{9045C3EF-22A6-45FD-9946-1EB229C8A12C}.Debug|iPhoneSimulator.Build.0 = Debug|Any CPU
		{9045C3EF-22A6-45FD-9946-1EB229C8A12C}.Release|Any CPU.ActiveCfg = Release|Any CPU
		{9045C3EF-22A6-45FD-9946-1EB229C8A12C}.Release|Any CPU.Build.0 = Release|Any CPU
		{9045C3EF-22A6-45FD-9946-1EB229C8A12C}.Release|iPhone.ActiveCfg = Release|Any CPU
		{9045C3EF-22A6-45FD-9946-1EB229C8A12C}.Release|iPhone.Build.0 = Release|Any CPU
		{9045C3EF-22A6-45FD-9946-1EB229C8A12C}.Release|iPhoneSimulator.ActiveCfg = Release|Any CPU
		{9045C3EF-22A6-45FD-9946-1EB229C8A12C}.Release|iPhoneSimulator.Build.0 = Release|Any CPU
		{050F2545-6EE7-4DCF-8DC4-1AEB54B00048}.Debug|Any CPU.ActiveCfg = Debug|Any CPU
		{050F2545-6EE7-4DCF-8DC4-1AEB54B00048}.Debug|Any CPU.Build.0 = Debug|Any CPU
		{050F2545-6EE7-4DCF-8DC4-1AEB54B00048}.Debug|iPhone.ActiveCfg = Debug|Any CPU
		{050F2545-6EE7-4DCF-8DC4-1AEB54B00048}.Debug|iPhone.Build.0 = Debug|Any CPU
		{050F2545-6EE7-4DCF-8DC4-1AEB54B00048}.Debug|iPhoneSimulator.ActiveCfg = Debug|Any CPU
		{050F2545-6EE7-4DCF-8DC4-1AEB54B00048}.Debug|iPhoneSimulator.Build.0 = Debug|Any CPU
		{050F2545-6EE7-4DCF-8DC4-1AEB54B00048}.Release|Any CPU.ActiveCfg = Release|Any CPU
		{050F2545-6EE7-4DCF-8DC4-1AEB54B00048}.Release|Any CPU.Build.0 = Release|Any CPU
		{050F2545-6EE7-4DCF-8DC4-1AEB54B00048}.Release|iPhone.ActiveCfg = Release|Any CPU
		{050F2545-6EE7-4DCF-8DC4-1AEB54B00048}.Release|iPhone.Build.0 = Release|Any CPU
		{050F2545-6EE7-4DCF-8DC4-1AEB54B00048}.Release|iPhoneSimulator.ActiveCfg = Release|Any CPU
		{050F2545-6EE7-4DCF-8DC4-1AEB54B00048}.Release|iPhoneSimulator.Build.0 = Release|Any CPU
		{19156506-AA3A-47F9-8355-08F5B9A5771F}.Debug|Any CPU.ActiveCfg = Debug|Any CPU
		{19156506-AA3A-47F9-8355-08F5B9A5771F}.Debug|Any CPU.Build.0 = Debug|Any CPU
		{19156506-AA3A-47F9-8355-08F5B9A5771F}.Debug|iPhone.ActiveCfg = Debug|Any CPU
		{19156506-AA3A-47F9-8355-08F5B9A5771F}.Debug|iPhone.Build.0 = Debug|Any CPU
		{19156506-AA3A-47F9-8355-08F5B9A5771F}.Debug|iPhoneSimulator.ActiveCfg = Debug|Any CPU
		{19156506-AA3A-47F9-8355-08F5B9A5771F}.Debug|iPhoneSimulator.Build.0 = Debug|Any CPU
		{19156506-AA3A-47F9-8355-08F5B9A5771F}.Release|Any CPU.ActiveCfg = Release|Any CPU
		{19156506-AA3A-47F9-8355-08F5B9A5771F}.Release|Any CPU.Build.0 = Release|Any CPU
		{19156506-AA3A-47F9-8355-08F5B9A5771F}.Release|iPhone.ActiveCfg = Release|Any CPU
		{19156506-AA3A-47F9-8355-08F5B9A5771F}.Release|iPhone.Build.0 = Release|Any CPU
		{19156506-AA3A-47F9-8355-08F5B9A5771F}.Release|iPhoneSimulator.ActiveCfg = Release|Any CPU
		{19156506-AA3A-47F9-8355-08F5B9A5771F}.Release|iPhoneSimulator.Build.0 = Release|Any CPU
	EndGlobalSection
	GlobalSection(SolutionProperties) = preSolution
		HideSolutionNode = FALSE
	EndGlobalSection
	GlobalSection(NestedProjects) = preSolution
		{E535D5A5-E307-4E7D-817B-72F999859A75} = {991B345F-871C-409A-B595-5BA8A497E979}
		{3D88D431-8DCF-4043-9134-B2691A978FD3} = {991B345F-871C-409A-B595-5BA8A497E979}
		{92A1A416-2F45-40FF-8663-44AD091BDD1E} = {991B345F-871C-409A-B595-5BA8A497E979}
		{42ADA215-EE0E-4D50-8006-AE7EF4C90138} = {991B345F-871C-409A-B595-5BA8A497E979}
		{DFE42BAF-FF9F-4779-8808-6A22696478BE} = {42ADA215-EE0E-4D50-8006-AE7EF4C90138}
		{76611DFC-67E5-4F4A-979D-B782A8C3249D} = {42ADA215-EE0E-4D50-8006-AE7EF4C90138}
		{FC3B33B9-74C9-4A0F-807C-346C4E4118DA} = {991B345F-871C-409A-B595-5BA8A497E979}
		{05986EE5-4C20-44B4-95BA-AD2FE4C13849} = {42ADA215-EE0E-4D50-8006-AE7EF4C90138}
		{6666FA87-BEBF-4765-B999-A24A2F7FCC17} = {42ADA215-EE0E-4D50-8006-AE7EF4C90138}
		{9045C3EF-22A6-45FD-9946-1EB229C8A12C} = {9B043DB7-2D9A-46D6-B37C-CE4B40F5CC27}
		{050F2545-6EE7-4DCF-8DC4-1AEB54B00048} = {EC690784-E583-4806-AD2A-F883524E6232}
		{19156506-AA3A-47F9-8355-08F5B9A5771F} = {EC690784-E583-4806-AD2A-F883524E6232}
	EndGlobalSection
	GlobalSection(ExtensibilityGlobals) = postSolution
		SolutionGuid = {F373641A-E18C-465C-953B-7297591F8E38}
	EndGlobalSection
EndGlobal
